// !$*UTF8*$!
{
	archiveVersion = 1;
	classes = {
	};
	objectVersion = 46;
	objects = {

/* Begin PBXBuildFile section */
		664D85061B184DF300AD926F /* main.m in Sources */ = {isa = PBXBuildFile; fileRef = 664D85051B184DF300AD926F /* main.m */; };
		664D85091B184DF300AD926F /* AppDelegate.m in Sources */ = {isa = PBXBuildFile; fileRef = 664D85081B184DF300AD926F /* AppDelegate.m */; };
		664D850C1B184DF300AD926F /* ViewController.m in Sources */ = {isa = PBXBuildFile; fileRef = 664D850B1B184DF300AD926F /* ViewController.m */; };
		664D850F1B184DF300AD926F /* Main.storyboard in Resources */ = {isa = PBXBuildFile; fileRef = 664D850D1B184DF300AD926F /* Main.storyboard */; };
		664D85111B184DF300AD926F /* Images.xcassets in Resources */ = {isa = PBXBuildFile; fileRef = 664D85101B184DF300AD926F /* Images.xcassets */; };
		664D85141B184DF300AD926F /* LaunchScreen.xib in Resources */ = {isa = PBXBuildFile; fileRef = 664D85121B184DF300AD926F /* LaunchScreen.xib */; };
		664D85201B184DF300AD926F /* BRQRCodeTests.m in Sources */ = {isa = PBXBuildFile; fileRef = 664D851F1B184DF300AD926F /* BRQRCodeTests.m */; };
		664D85601B184E4700AD926F /* line@2x.png in Resources */ = {isa = PBXBuildFile; fileRef = 664D852A1B184E4700AD926F /* line@2x.png */; };
		664D85611B184E4700AD926F /* pick_bg@2x.png in Resources */ = {isa = PBXBuildFile; fileRef = 664D852B1B184E4700AD926F /* pick_bg@2x.png */; };
		664D85621B184E4700AD926F /* SysytemCodeVC.m in Sources */ = {isa = PBXBuildFile; fileRef = 664D852D1B184E4700AD926F /* SysytemCodeVC.m */; };
		664D85631B184E4700AD926F /* SysytemCodeVC.xib in Resources */ = {isa = PBXBuildFile; fileRef = 664D852E1B184E4700AD926F /* SysytemCodeVC.xib */; };
		664D85641B184E4700AD926F /* UserCode.m in Sources */ = {isa = PBXBuildFile; fileRef = 664D85301B184E4700AD926F /* UserCode.m */; };
		664D85651B184E4700AD926F /* bitstream.c in Sources */ = {isa = PBXBuildFile; fileRef = 664D854A1B184E4700AD926F /* bitstream.c */; };
		664D85661B184E4700AD926F /* mask.c in Sources */ = {isa = PBXBuildFile; fileRef = 664D854C1B184E4700AD926F /* mask.c */; };
		664D85671B184E4700AD926F /* QRCodeGenerator.m in Sources */ = {isa = PBXBuildFile; fileRef = 664D854F1B184E4700AD926F /* QRCodeGenerator.m */; };
		664D85681B184E4700AD926F /* qrencode.c in Sources */ = {isa = PBXBuildFile; fileRef = 664D85501B184E4700AD926F /* qrencode.c */; };
		664D85691B184E4700AD926F /* qrinput.c in Sources */ = {isa = PBXBuildFile; fileRef = 664D85521B184E4700AD926F /* qrinput.c */; };
		664D856A1B184E4700AD926F /* qrspec.c in Sources */ = {isa = PBXBuildFile; fileRef = 664D85541B184E4700AD926F /* qrspec.c */; };
		664D856B1B184E4700AD926F /* rscode.c in Sources */ = {isa = PBXBuildFile; fileRef = 664D85561B184E4700AD926F /* rscode.c */; };
		664D856C1B184E4700AD926F /* split.c in Sources */ = {isa = PBXBuildFile; fileRef = 664D85581B184E4700AD926F /* split.c */; };
		664D856D1B184E4700AD926F /* libzbar.a in Frameworks */ = {isa = PBXBuildFile; fileRef = 664D855A1B184E4700AD926F /* libzbar.a */; };
		664D856E1B184E4800AD926F /* zbar-back.png in Resources */ = {isa = PBXBuildFile; fileRef = 664D855C1B184E4700AD926F /* zbar-back.png */; };
		664D856F1B184E4800AD926F /* zbar-help.html in Resources */ = {isa = PBXBuildFile; fileRef = 664D855D1B184E4700AD926F /* zbar-help.html */; };
		664D85701B184E4800AD926F /* zbar-helpicons.png in Resources */ = {isa = PBXBuildFile; fileRef = 664D855E1B184E4700AD926F /* zbar-helpicons.png */; };
		664D85711B184E4800AD926F /* zbar-samples.png in Resources */ = {isa = PBXBuildFile; fileRef = 664D855F1B184E4700AD926F /* zbar-samples.png */; };
		664D85731B184E7C00AD926F /* AVFoundation.framework in Frameworks */ = {isa = PBXBuildFile; fileRef = 664D85721B184E7C00AD926F /* AVFoundation.framework */; };
		664D85751B184E8100AD926F /* CoreMedia.framework in Frameworks */ = {isa = PBXBuildFile; fileRef = 664D85741B184E8100AD926F /* CoreMedia.framework */; };
		664D85771B184E8600AD926F /* CoreVideo.framework in Frameworks */ = {isa = PBXBuildFile; fileRef = 664D85761B184E8600AD926F /* CoreVideo.framework */; };
		664D85791B184E8D00AD926F /* libiconv.dylib in Frameworks */ = {isa = PBXBuildFile; fileRef = 664D85781B184E8D00AD926F /* libiconv.dylib */; };
		664D857B1B184F0900AD926F /* CoreGraphics.framework in Frameworks */ = {isa = PBXBuildFile; fileRef = 664D857A1B184F0900AD926F /* CoreGraphics.framework */; };
		664D857D1B184F0F00AD926F /* Foundation.framework in Frameworks */ = {isa = PBXBuildFile; fileRef = 664D857C1B184F0F00AD926F /* Foundation.framework */; };
/* End PBXBuildFile section */

/* Begin PBXContainerItemProxy section */
		664D851A1B184DF300AD926F /* PBXContainerItemProxy */ = {
			isa = PBXContainerItemProxy;
			containerPortal = 664D84F81B184DF300AD926F /* Project object */;
			proxyType = 1;
			remoteGlobalIDString = 664D84FF1B184DF300AD926F;
			remoteInfo = BRQRCode;
		};
/* End PBXContainerItemProxy section */

/* Begin PBXFileReference section */
		664D85001B184DF300AD926F /* BRQRCode.app */ = {isa = PBXFileReference; explicitFileType = wrapper.application; includeInIndex = 0; path = BRQRCode.app; sourceTree = BUILT_PRODUCTS_DIR; };
		664D85041B184DF300AD926F /* Info.plist */ = {isa = PBXFileReference; lastKnownFileType = text.plist.xml; path = Info.plist; sourceTree = "<group>"; };
		664D85051B184DF300AD926F /* main.m */ = {isa = PBXFileReference; lastKnownFileType = sourcecode.c.objc; path = main.m; sourceTree = "<group>"; };
		664D85071B184DF300AD926F /* AppDelegate.h */ = {isa = PBXFileReference; lastKnownFileType = sourcecode.c.h; path = AppDelegate.h; sourceTree = "<group>"; };
		664D85081B184DF300AD926F /* AppDelegate.m */ = {isa = PBXFileReference; lastKnownFileType = sourcecode.c.objc; path = AppDelegate.m; sourceTree = "<group>"; };
		664D850A1B184DF300AD926F /* ViewController.h */ = {isa = PBXFileReference; lastKnownFileType = sourcecode.c.h; path = ViewController.h; sourceTree = "<group>"; };
		664D850B1B184DF300AD926F /* ViewController.m */ = {isa = PBXFileReference; lastKnownFileType = sourcecode.c.objc; path = ViewController.m; sourceTree = "<group>"; };
		664D850E1B184DF300AD926F /* Base */ = {isa = PBXFileReference; lastKnownFileType = file.storyboard; name = Base; path = Base.lproj/Main.storyboard; sourceTree = "<group>"; };
		664D85101B184DF300AD926F /* Images.xcassets */ = {isa = PBXFileReference; lastKnownFileType = folder.assetcatalog; path = Images.xcassets; sourceTree = "<group>"; };
		664D85131B184DF300AD926F /* Base */ = {isa = PBXFileReference; lastKnownFileType = file.xib; name = Base; path = Base.lproj/LaunchScreen.xib; sourceTree = "<group>"; };
		664D85191B184DF300AD926F /* BRQRCodeTests.xctest */ = {isa = PBXFileReference; explicitFileType = wrapper.cfbundle; includeInIndex = 0; path = BRQRCodeTests.xctest; sourceTree = BUILT_PRODUCTS_DIR; };
		664D851E1B184DF300AD926F /* Info.plist */ = {isa = PBXFileReference; lastKnownFileType = text.plist.xml; path = Info.plist; sourceTree = "<group>"; };
		664D851F1B184DF300AD926F /* BRQRCodeTests.m */ = {isa = PBXFileReference; lastKnownFileType = sourcecode.c.objc; path = BRQRCodeTests.m; sourceTree = "<group>"; };
		664D852A1B184E4700AD926F /* line@2x.png */ = {isa = PBXFileReference; lastKnownFileType = image.png; path = "line@2x.png"; sourceTree = "<group>"; };
		664D852B1B184E4700AD926F /* pick_bg@2x.png */ = {isa = PBXFileReference; lastKnownFileType = image.png; path = "pick_bg@2x.png"; sourceTree = "<group>"; };
		664D852C1B184E4700AD926F /* SysytemCodeVC.h */ = {isa = PBXFileReference; fileEncoding = 4; lastKnownFileType = sourcecode.c.h; path = SysytemCodeVC.h; sourceTree = "<group>"; };
		664D852D1B184E4700AD926F /* SysytemCodeVC.m */ = {isa = PBXFileReference; fileEncoding = 4; lastKnownFileType = sourcecode.c.objc; path = SysytemCodeVC.m; sourceTree = "<group>"; };
		664D852E1B184E4700AD926F /* SysytemCodeVC.xib */ = {isa = PBXFileReference; fileEncoding = 4; lastKnownFileType = file.xib; path = SysytemCodeVC.xib; sourceTree = "<group>"; };
		664D852F1B184E4700AD926F /* UserCode.h */ = {isa = PBXFileReference; fileEncoding = 4; lastKnownFileType = sourcecode.c.h; path = UserCode.h; sourceTree = "<group>"; };
		664D85301B184E4700AD926F /* UserCode.m */ = {isa = PBXFileReference; fileEncoding = 4; lastKnownFileType = sourcecode.c.objc; path = UserCode.m; sourceTree = "<group>"; };
		664D85351B184E4700AD926F /* Decoder.h */ = {isa = PBXFileReference; fileEncoding = 4; lastKnownFileType = sourcecode.c.h; path = Decoder.h; sourceTree = "<group>"; };
		664D85361B184E4700AD926F /* Exception.h */ = {isa = PBXFileReference; fileEncoding = 4; lastKnownFileType = sourcecode.c.h; path = Exception.h; sourceTree = "<group>"; };
		664D85371B184E4700AD926F /* Image.h */ = {isa = PBXFileReference; fileEncoding = 4; lastKnownFileType = sourcecode.c.h; path = Image.h; sourceTree = "<group>"; };
		664D85381B184E4700AD926F /* ImageScanner.h */ = {isa = PBXFileReference; fileEncoding = 4; lastKnownFileType = sourcecode.c.h; path = ImageScanner.h; sourceTree = "<group>"; };
		664D85391B184E4700AD926F /* Processor.h */ = {isa = PBXFileReference; fileEncoding = 4; lastKnownFileType = sourcecode.c.h; path = Processor.h; sourceTree = "<group>"; };
		664D853A1B184E4700AD926F /* Scanner.h */ = {isa = PBXFileReference; fileEncoding = 4; lastKnownFileType = sourcecode.c.h; path = Scanner.h; sourceTree = "<group>"; };
		664D853B1B184E4700AD926F /* Symbol.h */ = {isa = PBXFileReference; fileEncoding = 4; lastKnownFileType = sourcecode.c.h; path = Symbol.h; sourceTree = "<group>"; };
		664D853C1B184E4700AD926F /* Video.h */ = {isa = PBXFileReference; fileEncoding = 4; lastKnownFileType = sourcecode.c.h; path = Video.h; sourceTree = "<group>"; };
		664D853D1B184E4700AD926F /* Window.h */ = {isa = PBXFileReference; fileEncoding = 4; lastKnownFileType = sourcecode.c.h; path = Window.h; sourceTree = "<group>"; };
		664D853E1B184E4700AD926F /* zbar.h */ = {isa = PBXFileReference; fileEncoding = 4; lastKnownFileType = sourcecode.c.h; path = zbar.h; sourceTree = "<group>"; };
		664D853F1B184E4700AD926F /* ZBarCameraSimulator.h */ = {isa = PBXFileReference; fileEncoding = 4; lastKnownFileType = sourcecode.c.h; path = ZBarCameraSimulator.h; sourceTree = "<group>"; };
		664D85401B184E4700AD926F /* ZBarCaptureReader.h */ = {isa = PBXFileReference; fileEncoding = 4; lastKnownFileType = sourcecode.c.h; path = ZBarCaptureReader.h; sourceTree = "<group>"; };
		664D85411B184E4700AD926F /* ZBarHelpController.h */ = {isa = PBXFileReference; fileEncoding = 4; lastKnownFileType = sourcecode.c.h; path = ZBarHelpController.h; sourceTree = "<group>"; };
		664D85421B184E4700AD926F /* ZBarImage.h */ = {isa = PBXFileReference; fileEncoding = 4; lastKnownFileType = sourcecode.c.h; path = ZBarImage.h; sourceTree = "<group>"; };
		664D85431B184E4700AD926F /* ZBarImageScanner.h */ = {isa = PBXFileReference; fileEncoding = 4; lastKnownFileType = sourcecode.c.h; path = ZBarImageScanner.h; sourceTree = "<group>"; };
		664D85441B184E4700AD926F /* ZBarReaderController.h */ = {isa = PBXFileReference; fileEncoding = 4; lastKnownFileType = sourcecode.c.h; path = ZBarReaderController.h; sourceTree = "<group>"; };
		664D85451B184E4700AD926F /* ZBarReaderView.h */ = {isa = PBXFileReference; fileEncoding = 4; lastKnownFileType = sourcecode.c.h; path = ZBarReaderView.h; sourceTree = "<group>"; };
		664D85461B184E4700AD926F /* ZBarReaderViewController.h */ = {isa = PBXFileReference; fileEncoding = 4; lastKnownFileType = sourcecode.c.h; path = ZBarReaderViewController.h; sourceTree = "<group>"; };
		664D85471B184E4700AD926F /* ZBarSDK.h */ = {isa = PBXFileReference; fileEncoding = 4; lastKnownFileType = sourcecode.c.h; path = ZBarSDK.h; sourceTree = "<group>"; };
		664D85481B184E4700AD926F /* ZBarSymbol.h */ = {isa = PBXFileReference; fileEncoding = 4; lastKnownFileType = sourcecode.c.h; path = ZBarSymbol.h; sourceTree = "<group>"; };
		664D854A1B184E4700AD926F /* bitstream.c */ = {isa = PBXFileReference; fileEncoding = 4; lastKnownFileType = sourcecode.c.c; path = bitstream.c; sourceTree = "<group>"; };
		664D854B1B184E4700AD926F /* bitstream.h */ = {isa = PBXFileReference; fileEncoding = 4; lastKnownFileType = sourcecode.c.h; path = bitstream.h; sourceTree = "<group>"; };
		664D854C1B184E4700AD926F /* mask.c */ = {isa = PBXFileReference; fileEncoding = 4; lastKnownFileType = sourcecode.c.c; path = mask.c; sourceTree = "<group>"; };
		664D854D1B184E4700AD926F /* mask.h */ = {isa = PBXFileReference; fileEncoding = 4; lastKnownFileType = sourcecode.c.h; path = mask.h; sourceTree = "<group>"; };
		664D854E1B184E4700AD926F /* QRCodeGenerator.h */ = {isa = PBXFileReference; fileEncoding = 4; lastKnownFileType = sourcecode.c.h; path = QRCodeGenerator.h; sourceTree = "<group>"; };
		664D854F1B184E4700AD926F /* QRCodeGenerator.m */ = {isa = PBXFileReference; fileEncoding = 4; lastKnownFileType = sourcecode.c.objc; path = QRCodeGenerator.m; sourceTree = "<group>"; };
		664D85501B184E4700AD926F /* qrencode.c */ = {isa = PBXFileReference; fileEncoding = 4; lastKnownFileType = sourcecode.c.c; path = qrencode.c; sourceTree = "<group>"; };
		664D85511B184E4700AD926F /* qrencode.h */ = {isa = PBXFileReference; fileEncoding = 4; lastKnownFileType = sourcecode.c.h; path = qrencode.h; sourceTree = "<group>"; };
		664D85521B184E4700AD926F /* qrinput.c */ = {isa = PBXFileReference; fileEncoding = 4; lastKnownFileType = sourcecode.c.c; path = qrinput.c; sourceTree = "<group>"; };
		664D85531B184E4700AD926F /* qrinput.h */ = {isa = PBXFileReference; fileEncoding = 4; lastKnownFileType = sourcecode.c.h; path = qrinput.h; sourceTree = "<group>"; };
		664D85541B184E4700AD926F /* qrspec.c */ = {isa = PBXFileReference; fileEncoding = 4; lastKnownFileType = sourcecode.c.c; path = qrspec.c; sourceTree = "<group>"; };
		664D85551B184E4700AD926F /* qrspec.h */ = {isa = PBXFileReference; fileEncoding = 4; lastKnownFileType = sourcecode.c.h; path = qrspec.h; sourceTree = "<group>"; };
		664D85561B184E4700AD926F /* rscode.c */ = {isa = PBXFileReference; fileEncoding = 4; lastKnownFileType = sourcecode.c.c; path = rscode.c; sourceTree = "<group>"; };
		664D85571B184E4700AD926F /* rscode.h */ = {isa = PBXFileReference; fileEncoding = 4; lastKnownFileType = sourcecode.c.h; path = rscode.h; sourceTree = "<group>"; };
		664D85581B184E4700AD926F /* split.c */ = {isa = PBXFileReference; fileEncoding = 4; lastKnownFileType = sourcecode.c.c; path = split.c; sourceTree = "<group>"; };
		664D85591B184E4700AD926F /* split.h */ = {isa = PBXFileReference; fileEncoding = 4; lastKnownFileType = sourcecode.c.h; path = split.h; sourceTree = "<group>"; };
		664D855A1B184E4700AD926F /* libzbar.a */ = {isa = PBXFileReference; lastKnownFileType = archive.ar; path = libzbar.a; sourceTree = "<group>"; };
		664D855C1B184E4700AD926F /* zbar-back.png */ = {isa = PBXFileReference; lastKnownFileType = image.png; path = "zbar-back.png"; sourceTree = "<group>"; };
		664D855D1B184E4700AD926F /* zbar-help.html */ = {isa = PBXFileReference; fileEncoding = 4; lastKnownFileType = text.html; path = "zbar-help.html"; sourceTree = "<group>"; };
		664D855E1B184E4700AD926F /* zbar-helpicons.png */ = {isa = PBXFileReference; lastKnownFileType = image.png; path = "zbar-helpicons.png"; sourceTree = "<group>"; };
		664D855F1B184E4700AD926F /* zbar-samples.png */ = {isa = PBXFileReference; lastKnownFileType = image.png; path = "zbar-samples.png"; sourceTree = "<group>"; };
		664D85721B184E7C00AD926F /* AVFoundation.framework */ = {isa = PBXFileReference; lastKnownFileType = wrapper.framework; name = AVFoundation.framework; path = System/Library/Frameworks/AVFoundation.framework; sourceTree = SDKROOT; };
		664D85741B184E8100AD926F /* CoreMedia.framework */ = {isa = PBXFileReference; lastKnownFileType = wrapper.framework; name = CoreMedia.framework; path = System/Library/Frameworks/CoreMedia.framework; sourceTree = SDKROOT; };
		664D85761B184E8600AD926F /* CoreVideo.framework */ = {isa = PBXFileReference; lastKnownFileType = wrapper.framework; name = CoreVideo.framework; path = System/Library/Frameworks/CoreVideo.framework; sourceTree = SDKROOT; };
		664D85781B184E8D00AD926F /* libiconv.dylib */ = {isa = PBXFileReference; lastKnownFileType = "compiled.mach-o.dylib"; name = libiconv.dylib; path = usr/lib/libiconv.dylib; sourceTree = SDKROOT; };
		664D857A1B184F0900AD926F /* CoreGraphics.framework */ = {isa = PBXFileReference; lastKnownFileType = wrapper.framework; name = CoreGraphics.framework; path = System/Library/Frameworks/CoreGraphics.framework; sourceTree = SDKROOT; };
		664D857C1B184F0F00AD926F /* Foundation.framework */ = {isa = PBXFileReference; lastKnownFileType = wrapper.framework; name = Foundation.framework; path = System/Library/Frameworks/Foundation.framework; sourceTree = SDKROOT; };
/* End PBXFileReference section */

/* Begin PBXFrameworksBuildPhase section */
		664D84FD1B184DF300AD926F /* Frameworks */ = {
			isa = PBXFrameworksBuildPhase;
			buildActionMask = 2147483647;
			files = (
				664D857D1B184F0F00AD926F /* Foundation.framework in Frameworks */,
				664D857B1B184F0900AD926F /* CoreGraphics.framework in Frameworks */,
				664D85791B184E8D00AD926F /* libiconv.dylib in Frameworks */,
				664D85771B184E8600AD926F /* CoreVideo.framework in Frameworks */,
				664D85751B184E8100AD926F /* CoreMedia.framework in Frameworks */,
				664D85731B184E7C00AD926F /* AVFoundation.framework in Frameworks */,
				664D856D1B184E4700AD926F /* libzbar.a in Frameworks */,
			);
			runOnlyForDeploymentPostprocessing = 0;
		};
		664D85161B184DF300AD926F /* Frameworks */ = {
			isa = PBXFrameworksBuildPhase;
			buildActionMask = 2147483647;
			files = (
			);
			runOnlyForDeploymentPostprocessing = 0;
		};
/* End PBXFrameworksBuildPhase section */

/* Begin PBXGroup section */
		664D84F71B184DF300AD926F = {
			isa = PBXGroup;
			children = (
				664D857C1B184F0F00AD926F /* Foundation.framework */,
				664D857A1B184F0900AD926F /* CoreGraphics.framework */,
				664D85781B184E8D00AD926F /* libiconv.dylib */,
				664D85761B184E8600AD926F /* CoreVideo.framework */,
				664D85741B184E8100AD926F /* CoreMedia.framework */,
				664D85721B184E7C00AD926F /* AVFoundation.framework */,
				664D85021B184DF300AD926F /* BRQRCode */,
				664D851C1B184DF300AD926F /* BRQRCodeTests */,
				664D85011B184DF300AD926F /* Products */,
			);
			sourceTree = "<group>";
		};
		664D85011B184DF300AD926F /* Products */ = {
			isa = PBXGroup;
			children = (
				664D85001B184DF300AD926F /* BRQRCode.app */,
				664D85191B184DF300AD926F /* BRQRCodeTests.xctest */,
			);
			name = Products;
			sourceTree = "<group>";
		};
		664D85021B184DF300AD926F /* BRQRCode */ = {
			isa = PBXGroup;
			children = (
				664D85291B184E4700AD926F /* QR */,
				664D85071B184DF300AD926F /* AppDelegate.h */,
				664D85081B184DF300AD926F /* AppDelegate.m */,
				664D850A1B184DF300AD926F /* ViewController.h */,
				664D850B1B184DF300AD926F /* ViewController.m */,
				664D850D1B184DF300AD926F /* Main.storyboard */,
				664D85101B184DF300AD926F /* Images.xcassets */,
				664D85121B184DF300AD926F /* LaunchScreen.xib */,
				664D85031B184DF300AD926F /* Supporting Files */,
			);
			path = BRQRCode;
			sourceTree = "<group>";
		};
		664D85031B184DF300AD926F /* Supporting Files */ = {
			isa = PBXGroup;
			children = (
				664D85041B184DF300AD926F /* Info.plist */,
				664D85051B184DF300AD926F /* main.m */,
			);
			name = "Supporting Files";
			sourceTree = "<group>";
		};
		664D851C1B184DF300AD926F /* BRQRCodeTests */ = {
			isa = PBXGroup;
			children = (
				664D851F1B184DF300AD926F /* BRQRCodeTests.m */,
				664D851D1B184DF300AD926F /* Supporting Files */,
			);
			path = BRQRCodeTests;
			sourceTree = "<group>";
		};
		664D851D1B184DF300AD926F /* Supporting Files */ = {
			isa = PBXGroup;
			children = (
				664D851E1B184DF300AD926F /* Info.plist */,
			);
			name = "Supporting Files";
			sourceTree = "<group>";
		};
		664D85291B184E4700AD926F /* QR */ = {
			isa = PBXGroup;
			children = (
				664D852A1B184E4700AD926F /* line@2x.png */,
				664D852B1B184E4700AD926F /* pick_bg@2x.png */,
				664D852C1B184E4700AD926F /* SysytemCodeVC.h */,
				664D852D1B184E4700AD926F /* SysytemCodeVC.m */,
				664D852E1B184E4700AD926F /* SysytemCodeVC.xib */,
				664D852F1B184E4700AD926F /* UserCode.h */,
				664D85301B184E4700AD926F /* UserCode.m */,
				664D85311B184E4700AD926F /* ZBarSDK */,
			);
			path = QR;
			sourceTree = "<group>";
		};
		664D85311B184E4700AD926F /* ZBarSDK */ = {
			isa = PBXGroup;
			children = (
				664D85321B184E4700AD926F /* Headers */,
				664D85491B184E4700AD926F /* libqrencode */,
				664D855A1B184E4700AD926F /* libzbar.a */,
				664D855B1B184E4700AD926F /* Resources */,
			);
			path = ZBarSDK;
			sourceTree = "<group>";
		};
		664D85321B184E4700AD926F /* Headers */ = {
			isa = PBXGroup;
			children = (
				664D85331B184E4700AD926F /* ZBarSDK */,
			);
			path = Headers;
			sourceTree = "<group>";
		};
		664D85331B184E4700AD926F /* ZBarSDK */ = {
			isa = PBXGroup;
			children = (
				664D85341B184E4700AD926F /* zbar */,
				664D853E1B184E4700AD926F /* zbar.h */,
				664D853F1B184E4700AD926F /* ZBarCameraSimulator.h */,
				664D85401B184E4700AD926F /* ZBarCaptureReader.h */,
				664D85411B184E4700AD926F /* ZBarHelpController.h */,
				664D85421B184E4700AD926F /* ZBarImage.h */,
				664D85431B184E4700AD926F /* ZBarImageScanner.h */,
				664D85441B184E4700AD926F /* ZBarReaderController.h */,
				664D85451B184E4700AD926F /* ZBarReaderView.h */,
				664D85461B184E4700AD926F /* ZBarReaderViewController.h */,
				664D85471B184E4700AD926F /* ZBarSDK.h */,
				664D85481B184E4700AD926F /* ZBarSymbol.h */,
			);
			path = ZBarSDK;
			sourceTree = "<group>";
		};
		664D85341B184E4700AD926F /* zbar */ = {
			isa = PBXGroup;
			children = (
				664D85351B184E4700AD926F /* Decoder.h */,
				664D85361B184E4700AD926F /* Exception.h */,
				664D85371B184E4700AD926F /* Image.h */,
				664D85381B184E4700AD926F /* ImageScanner.h */,
				664D85391B184E4700AD926F /* Processor.h */,
				664D853A1B184E4700AD926F /* Scanner.h */,
				664D853B1B184E4700AD926F /* Symbol.h */,
				664D853C1B184E4700AD926F /* Video.h */,
				664D853D1B184E4700AD926F /* Window.h */,
			);
			path = zbar;
			sourceTree = "<group>";
		};
		664D85491B184E4700AD926F /* libqrencode */ = {
			isa = PBXGroup;
			children = (
				664D854A1B184E4700AD926F /* bitstream.c */,
				664D854B1B184E4700AD926F /* bitstream.h */,
				664D854C1B184E4700AD926F /* mask.c */,
				664D854D1B184E4700AD926F /* mask.h */,
				664D854E1B184E4700AD926F /* QRCodeGenerator.h */,
				664D854F1B184E4700AD926F /* QRCodeGenerator.m */,
				664D85501B184E4700AD926F /* qrencode.c */,
				664D85511B184E4700AD926F /* qrencode.h */,
				664D85521B184E4700AD926F /* qrinput.c */,
				664D85531B184E4700AD926F /* qrinput.h */,
				664D85541B184E4700AD926F /* qrspec.c */,
				664D85551B184E4700AD926F /* qrspec.h */,
				664D85561B184E4700AD926F /* rscode.c */,
				664D85571B184E4700AD926F /* rscode.h */,
				664D85581B184E4700AD926F /* split.c */,
				664D85591B184E4700AD926F /* split.h */,
			);
			path = libqrencode;
			sourceTree = "<group>";
		};
		664D855B1B184E4700AD926F /* Resources */ = {
			isa = PBXGroup;
			children = (
				664D855C1B184E4700AD926F /* zbar-back.png */,
				664D855D1B184E4700AD926F /* zbar-help.html */,
				664D855E1B184E4700AD926F /* zbar-helpicons.png */,
				664D855F1B184E4700AD926F /* zbar-samples.png */,
			);
			path = Resources;
			sourceTree = "<group>";
		};
/* End PBXGroup section */

/* Begin PBXNativeTarget section */
		664D84FF1B184DF300AD926F /* BRQRCode */ = {
			isa = PBXNativeTarget;
			buildConfigurationList = 664D85231B184DF300AD926F /* Build configuration list for PBXNativeTarget "BRQRCode" */;
			buildPhases = (
				664D84FC1B184DF300AD926F /* Sources */,
				664D84FD1B184DF300AD926F /* Frameworks */,
				664D84FE1B184DF300AD926F /* Resources */,
			);
			buildRules = (
			);
			dependencies = (
			);
			name = BRQRCode;
			productName = BRQRCode;
			productReference = 664D85001B184DF300AD926F /* BRQRCode.app */;
			productType = "com.apple.product-type.application";
		};
		664D85181B184DF300AD926F /* BRQRCodeTests */ = {
			isa = PBXNativeTarget;
			buildConfigurationList = 664D85261B184DF300AD926F /* Build configuration list for PBXNativeTarget "BRQRCodeTests" */;
			buildPhases = (
				664D85151B184DF300AD926F /* Sources */,
				664D85161B184DF300AD926F /* Frameworks */,
				664D85171B184DF300AD926F /* Resources */,
			);
			buildRules = (
			);
			dependencies = (
				664D851B1B184DF300AD926F /* PBXTargetDependency */,
			);
			name = BRQRCodeTests;
			productName = BRQRCodeTests;
			productReference = 664D85191B184DF300AD926F /* BRQRCodeTests.xctest */;
			productType = "com.apple.product-type.bundle.unit-test";
		};
/* End PBXNativeTarget section */

/* Begin PBXProject section */
		664D84F81B184DF300AD926F /* Project object */ = {
			isa = PBXProject;
			attributes = {
				LastUpgradeCheck = 0630;
				ORGANIZATIONNAME = BR;
				TargetAttributes = {
					664D84FF1B184DF300AD926F = {
						CreatedOnToolsVersion = 6.3;
					};
					664D85181B184DF300AD926F = {
						CreatedOnToolsVersion = 6.3;
						TestTargetID = 664D84FF1B184DF300AD926F;
					};
				};
			};
			buildConfigurationList = 664D84FB1B184DF300AD926F /* Build configuration list for PBXProject "BRQRCode" */;
			compatibilityVersion = "Xcode 3.2";
			developmentRegion = English;
			hasScannedForEncodings = 0;
			knownRegions = (
				en,
				Base,
			);
			mainGroup = 664D84F71B184DF300AD926F;
			productRefGroup = 664D85011B184DF300AD926F /* Products */;
			projectDirPath = "";
			projectRoot = "";
			targets = (
				664D84FF1B184DF300AD926F /* BRQRCode */,
				664D85181B184DF300AD926F /* BRQRCodeTests */,
			);
		};
/* End PBXProject section */

/* Begin PBXResourcesBuildPhase section */
		664D84FE1B184DF300AD926F /* Resources */ = {
			isa = PBXResourcesBuildPhase;
			buildActionMask = 2147483647;
			files = (
				664D85601B184E4700AD926F /* line@2x.png in Resources */,
				664D850F1B184DF300AD926F /* Main.storyboard in Resources */,
				664D856E1B184E4800AD926F /* zbar-back.png in Resources */,
				664D85141B184DF300AD926F /* LaunchScreen.xib in Resources */,
				664D85111B184DF300AD926F /* Images.xcassets in Resources */,
				664D85631B184E4700AD926F /* SysytemCodeVC.xib in Resources */,
				664D85711B184E4800AD926F /* zbar-samples.png in Resources */,
				664D856F1B184E4800AD926F /* zbar-help.html in Resources */,
				664D85611B184E4700AD926F /* pick_bg@2x.png in Resources */,
				664D85701B184E4800AD926F /* zbar-helpicons.png in Resources */,
			);
			runOnlyForDeploymentPostprocessing = 0;
		};
		664D85171B184DF300AD926F /* Resources */ = {
			isa = PBXResourcesBuildPhase;
			buildActionMask = 2147483647;
			files = (
			);
			runOnlyForDeploymentPostprocessing = 0;
		};
/* End PBXResourcesBuildPhase section */

/* Begin PBXSourcesBuildPhase section */
		664D84FC1B184DF300AD926F /* Sources */ = {
			isa = PBXSourcesBuildPhase;
			buildActionMask = 2147483647;
			files = (
				664D85681B184E4700AD926F /* qrencode.c in Sources */,
				664D856B1B184E4700AD926F /* rscode.c in Sources */,
				664D85621B184E4700AD926F /* SysytemCodeVC.m in Sources */,
				664D85671B184E4700AD926F /* QRCodeGenerator.m in Sources */,
				664D856C1B184E4700AD926F /* split.c in Sources */,
				664D85651B184E4700AD926F /* bitstream.c in Sources */,
				664D856A1B184E4700AD926F /* qrspec.c in Sources */,
				664D850C1B184DF300AD926F /* ViewController.m in Sources */,
				664D85091B184DF300AD926F /* AppDelegate.m in Sources */,
				664D85661B184E4700AD926F /* mask.c in Sources */,
				664D85691B184E4700AD926F /* qrinput.c in Sources */,
				664D85641B184E4700AD926F /* UserCode.m in Sources */,
				664D85061B184DF300AD926F /* main.m in Sources */,
			);
			runOnlyForDeploymentPostprocessing = 0;
		};
		664D85151B184DF300AD926F /* Sources */ = {
			isa = PBXSourcesBuildPhase;
			buildActionMask = 2147483647;
			files = (
				664D85201B184DF300AD926F /* BRQRCodeTests.m in Sources */,
			);
			runOnlyForDeploymentPostprocessing = 0;
		};
/* End PBXSourcesBuildPhase section */

/* Begin PBXTargetDependency section */
		664D851B1B184DF300AD926F /* PBXTargetDependency */ = {
			isa = PBXTargetDependency;
			target = 664D84FF1B184DF300AD926F /* BRQRCode */;
			targetProxy = 664D851A1B184DF300AD926F /* PBXContainerItemProxy */;
		};
/* End PBXTargetDependency section */

/* Begin PBXVariantGroup section */
		664D850D1B184DF300AD926F /* Main.storyboard */ = {
			isa = PBXVariantGroup;
			children = (
				664D850E1B184DF300AD926F /* Base */,
			);
			name = Main.storyboard;
			sourceTree = "<group>";
		};
		664D85121B184DF300AD926F /* LaunchScreen.xib */ = {
			isa = PBXVariantGroup;
			children = (
				664D85131B184DF300AD926F /* Base */,
			);
			name = LaunchScreen.xib;
			sourceTree = "<group>";
		};
/* End PBXVariantGroup section */

/* Begin XCBuildConfiguration section */
		664D85211B184DF300AD926F /* Debug */ = {
			isa = XCBuildConfiguration;
			buildSettings = {
				ALWAYS_SEARCH_USER_PATHS = NO;
				CLANG_CXX_LANGUAGE_STANDARD = "gnu++0x";
				CLANG_CXX_LIBRARY = "libc++";
				CLANG_ENABLE_MODULES = YES;
				CLANG_ENABLE_OBJC_ARC = YES;
				CLANG_WARN_BOOL_CONVERSION = YES;
				CLANG_WARN_CONSTANT_CONVERSION = YES;
				CLANG_WARN_DIRECT_OBJC_ISA_USAGE = YES_ERROR;
				CLANG_WARN_EMPTY_BODY = YES;
				CLANG_WARN_ENUM_CONVERSION = YES;
				CLANG_WARN_INT_CONVERSION = YES;
				CLANG_WARN_OBJC_ROOT_CLASS = YES_ERROR;
				CLANG_WARN_UNREACHABLE_CODE = YES;
				CLANG_WARN__DUPLICATE_METHOD_MATCH = YES;
				"CODE_SIGN_IDENTITY[sdk=iphoneos*]" = "iPhone Developer";
				COPY_PHASE_STRIP = NO;
				DEBUG_INFORMATION_FORMAT = "dwarf-with-dsym";
				ENABLE_STRICT_OBJC_MSGSEND = YES;
				GCC_C_LANGUAGE_STANDARD = gnu99;
				GCC_DYNAMIC_NO_PIC = NO;
				GCC_NO_COMMON_BLOCKS = YES;
				GCC_OPTIMIZATION_LEVEL = 0;
				GCC_PREPROCESSOR_DEFINITIONS = (
					"DEBUG=1",
					"$(inherited)",
				);
				GCC_SYMBOLS_PRIVATE_EXTERN = NO;
				GCC_WARN_64_TO_32_BIT_CONVERSION = YES;
				GCC_WARN_ABOUT_RETURN_TYPE = YES_ERROR;
				GCC_WARN_UNDECLARED_SELECTOR = YES;
				GCC_WARN_UNINITIALIZED_AUTOS = YES_AGGRESSIVE;
				GCC_WARN_UNUSED_FUNCTION = YES;
				GCC_WARN_UNUSED_VARIABLE = YES;
				IPHONEOS_DEPLOYMENT_TARGET = 8.3;
				MTL_ENABLE_DEBUG_INFO = YES;
				ONLY_ACTIVE_ARCH = YES;
				SDKROOT = iphoneos;
			};
			name = Debug;
		};
		664D85221B184DF300AD926F /* Release */ = {
			isa = XCBuildConfiguration;
			buildSettings = {
				ALWAYS_SEARCH_USER_PATHS = NO;
				CLANG_CXX_LANGUAGE_STANDARD = "gnu++0x";
				CLANG_CXX_LIBRARY = "libc++";
				CLANG_ENABLE_MODULES = YES;
				CLANG_ENABLE_OBJC_ARC = YES;
				CLANG_WARN_BOOL_CONVERSION = YES;
				CLANG_WARN_CONSTANT_CONVERSION = YES;
				CLANG_WARN_DIRECT_OBJC_ISA_USAGE = YES_ERROR;
				CLANG_WARN_EMPTY_BODY = YES;
				CLANG_WARN_ENUM_CONVERSION = YES;
				CLANG_WARN_INT_CONVERSION = YES;
				CLANG_WARN_OBJC_ROOT_CLASS = YES_ERROR;
				CLANG_WARN_UNREACHABLE_CODE = YES;
				CLANG_WARN__DUPLICATE_METHOD_MATCH = YES;
				"CODE_SIGN_IDENTITY[sdk=iphoneos*]" = "iPhone Developer";
				COPY_PHASE_STRIP = NO;
				DEBUG_INFORMATION_FORMAT = "dwarf-with-dsym";
				ENABLE_NS_ASSERTIONS = NO;
				ENABLE_STRICT_OBJC_MSGSEND = YES;
				GCC_C_LANGUAGE_STANDARD = gnu99;
				GCC_NO_COMMON_BLOCKS = YES;
				GCC_WARN_64_TO_32_BIT_CONVERSION = YES;
				GCC_WARN_ABOUT_RETURN_TYPE = YES_ERROR;
				GCC_WARN_UNDECLARED_SELECTOR = YES;
				GCC_WARN_UNINITIALIZED_AUTOS = YES_AGGRESSIVE;
				GCC_WARN_UNUSED_FUNCTION = YES;
				GCC_WARN_UNUSED_VARIABLE = YES;
				IPHONEOS_DEPLOYMENT_TARGET = 8.3;
				MTL_ENABLE_DEBUG_INFO = NO;
				SDKROOT = iphoneos;
				VALIDATE_PRODUCT = YES;
			};
			name = Release;
		};
		664D85241B184DF300AD926F /* Debug */ = {
			isa = XCBuildConfiguration;
			buildSettings = {
				ASSETCATALOG_COMPILER_APPICON_NAME = AppIcon;
				CODE_SIGN_IDENTITY = "iPhone Developer: GUOGUANG WANG (622S6G3EQX)";
				INFOPLIST_FILE = BRQRCode/Info.plist;
				LD_RUNPATH_SEARCH_PATHS = "$(inherited) @executable_path/Frameworks";
				LIBRARY_SEARCH_PATHS = (
					"$(inherited)",
					"$(PROJECT_DIR)/BRQRCode/QR/ZBarSDK",
				);
				ONLY_ACTIVE_ARCH = YES;
				PRODUCT_NAME = "$(TARGET_NAME)";
				PROVISIONING_PROFILE = "760dd7a5-8709-4cee-92b4-a789ba7cf477";
				VALID_ARCHS = "armv7 armv7s arm64";
			};
			name = Debug;
		};
		664D85251B184DF300AD926F /* Release */ = {
			isa = XCBuildConfiguration;
			buildSettings = {
				ASSETCATALOG_COMPILER_APPICON_NAME = AppIcon;
				CODE_SIGN_IDENTITY = "iPhone Developer: GUOGUANG WANG (622S6G3EQX)";
				INFOPLIST_FILE = BRQRCode/Info.plist;
				LD_RUNPATH_SEARCH_PATHS = "$(inherited) @executable_path/Frameworks";
				LIBRARY_SEARCH_PATHS = (
					"$(inherited)",
					"$(PROJECT_DIR)/BRQRCode/QR/ZBarSDK",
				);
				ONLY_ACTIVE_ARCH = NO;
				PRODUCT_NAME = "$(TARGET_NAME)";
				PROVISIONING_PROFILE = "760dd7a5-8709-4cee-92b4-a789ba7cf477";
				VALID_ARCHS = "armv7 armv7s arm64";
			};
			name = Release;
		};
		664D85271B184DF300AD926F /* Debug */ = {
			isa = XCBuildConfiguration;
			buildSettings = {
				BUNDLE_LOADER = "$(TEST_HOST)";
				FRAMEWORK_SEARCH_PATHS = (
					"$(SDKROOT)/Developer/Library/Frameworks",
					"$(inherited)",
				);
				GCC_PREPROCESSOR_DEFINITIONS = (
					"DEBUG=1",
					"$(inherited)",
				);
				INFOPLIST_FILE = BRQRCodeTests/Info.plist;
				LD_RUNPATH_SEARCH_PATHS = "$(inherited) @executable_path/Frameworks @loader_path/Frameworks";
				PRODUCT_NAME = "$(TARGET_NAME)";
				TEST_HOST = "$(BUILT_PRODUCTS_DIR)/BRQRCode.app/BRQRCode";
			};
			name = Debug;
		};
		664D85281B184DF300AD926F /* Release */ = {
			isa = XCBuildConfiguration;
			buildSettings = {
				BUNDLE_LOADER = "$(TEST_HOST)";
				FRAMEWORK_SEARCH_PATHS = (
					"$(SDKROOT)/Developer/Library/Frameworks",
					"$(inherited)",
				);
				INFOPLIST_FILE = BRQRCodeTests/Info.plist;
				LD_RUNPATH_SEARCH_PATHS = "$(inherited) @executable_path/Frameworks @loader_path/Frameworks";
				PRODUCT_NAME = "$(TARGET_NAME)";
				TEST_HOST = "$(BUILT_PRODUCTS_DIR)/BRQRCode.app/BRQRCode";
			};
			name = Release;
		};
/* End XCBuildConfiguration section */

/* Begin XCConfigurationList section */
		664D84FB1B184DF300AD926F /* Build configuration list for PBXProject "BRQRCode" */ = {
			isa = XCConfigurationList;
			buildConfigurations = (
				664D85211B184DF300AD926F /* Debug */,
				664D85221B184DF300AD926F /* Release */,
			);
			defaultConfigurationIsVisible = 0;
			defaultConfigurationName = Release;
		};
		664D85231B184DF300AD926F /* Build configuration list for PBXNativeTarget "BRQRCode" */ = {
			isa = XCConfigurationList;
			buildConfigurations = (
				664D85241B184DF300AD926F /* Debug */,
				664D85251B184DF300AD926F /* Release */,
			);
			defaultConfigurationIsVisible = 0;
		};
		664D85261B184DF300AD926F /* Build configuration list for PBXNativeTarget "BRQRCodeTests" */ = {
			isa = XCConfigurationList;
			buildConfigurations = (
				664D85271B184DF300AD926F /* Debug */,
				664D85281B184DF300AD926F /* Release */,
			);
			defaultConfigurationIsVisible = 0;
		};
/* End XCConfigurationList section */
	};
	rootObject = 664D84F81B184DF300AD926F /* Project object */;
}
